
Microsoft Visual Studio Solution File, Format Version 12.00
# Visual Studio 2015
Project("{FAE04EC0-301F-11D3-BF4B-00C04F79EFBC}") = "TigerAndTheGoat", "TigerAndTheGoat.csproj", "{5727CC98-ABCA-9BC4-D979-9E410FF49A2D}"
EndProject
Project("{FAE04EC0-301F-11D3-BF4B-00C04F79EFBC}") = "TigerAndTheGoat.Plugins", "TigerAndTheGoat.Plugins.csproj", "{01ED2022-AAF1-B3DE-313E-FBAB9223BD1C}"
EndProject
Project("{FAE04EC0-301F-11D3-BF4B-00C04F79EFBC}") = "TigerAndTheGoat.Editor", "TigerAndTheGoat.Editor.csproj", "{3BDD43C8-56E9-954D-CA5D-DD6144AB98C3}"
EndProject
Global
	GlobalSection(SolutionConfigurationPlatforms) = preSolution
		Debug|Any CPU = Debug|Any CPU
		Release|Any CPU = Release|Any CPU
	EndGlobalSection
	GlobalSection(ProjectConfigurationPlatforms) = postSolution
		{5727CC98-ABCA-9BC4-D979-9E410FF49A2D}.Debug|Any CPU.ActiveCfg = Debug|Any CPU
		{5727CC98-ABCA-9BC4-D979-9E410FF49A2D}.Debug|Any CPU.Build.0 = Debug|Any CPU
		{5727CC98-ABCA-9BC4-D979-9E410FF49A2D}.Release|Any CPU.ActiveCfg = Release|Any CPU
		{5727CC98-ABCA-9BC4-D979-9E410FF49A2D}.Release|Any CPU.Build.0 = Release|Any CPU
		{01ED2022-AAF1-B3DE-313E-FBAB9223BD1C}.Debug|Any CPU.ActiveCfg = Debug|Any CPU
		{01ED2022-AAF1-B3DE-313E-FBAB9223BD1C}.Debug|Any CPU.Build.0 = Debug|Any CPU
		{01ED2022-AAF1-B3DE-313E-FBAB9223BD1C}.Release|Any CPU.ActiveCfg = Release|Any CPU
		{01ED2022-AAF1-B3DE-313E-FBAB9223BD1C}.Release|Any CPU.Build.0 = Release|Any CPU
		{3BDD43C8-56E9-954D-CA5D-DD6144AB98C3}.Debug|Any CPU.ActiveCfg = Debug|Any CPU
		{3BDD43C8-56E9-954D-CA5D-DD6144AB98C3}.Debug|Any CPU.Build.0 = Debug|Any CPU
		{3BDD43C8-56E9-954D-CA5D-DD6144AB98C3}.Release|Any CPU.ActiveCfg = Release|Any CPU
		{3BDD43C8-56E9-954D-CA5D-DD6144AB98C3}.Release|Any CPU.Build.0 = Release|Any CPU
	EndGlobalSection
	GlobalSection(SolutionProperties) = preSolution
		HideSolutionNode = FALSE
	EndGlobalSection
EndGlobal
